
Microsoft Visual Studio Solution File, Format Version 12.00
# Visual Studio 15
VisualStudioVersion = 15.0.27703.2047
MinimumVisualStudioVersion = 10.0.40219.1
Project("{9A19103F-16F7-4668-BE54-9A1E7A4F7556}") = "Inventory.Tests", "Inventory.Tests\Inventory.Tests.csproj", "{97F37179-F40E-42D1-85AC-028827BD4D53}"
EndProject
Project("{9A19103F-16F7-4668-BE54-9A1E7A4F7556}") = "ExampleCustomProtoBufStructure", "ExampleCustomProtoBufStructure\ExampleCustomProtoBufStructure.csproj", "{4666D5EB-7EBA-4AAA-8733-F9ABA8A1F402}"
EndProject
Project("{FAE04EC0-301F-11D3-BF4B-00C04F79EFBC}") = "Inventory", "Inventory\Inventory.csproj", "{6A8D9AE2-0349-4B77-BE79-F257A9593429}"
EndProject
Project("{9A19103F-16F7-4668-BE54-9A1E7A4F7556}") = "_build", "build\_build.csproj", "{24417EEB-26B0-4542-8CF4-09C3755F5918}"
EndProject
Global
	GlobalSection(SolutionConfigurationPlatforms) = preSolution
		Debug|Any CPU = Debug|Any CPU
		Release|Any CPU = Release|Any CPU
	EndGlobalSection
	GlobalSection(ProjectConfigurationPlatforms) = postSolution
		{24417EEB-26B0-4542-8CF4-09C3755F5918}.Debug|Any CPU.ActiveCfg = Debug|Any CPU
		{24417EEB-26B0-4542-8CF4-09C3755F5918}.Release|Any CPU.ActiveCfg = Release|Any CPU
		{97F37179-F40E-42D1-85AC-028827BD4D53}.Debug|Any CPU.ActiveCfg = Debug|Any CPU
		{97F37179-F40E-42D1-85AC-028827BD4D53}.Debug|Any CPU.Build.0 = Debug|Any CPU
		{97F37179-F40E-42D1-85AC-028827BD4D53}.Release|Any CPU.ActiveCfg = Release|Any CPU
		{97F37179-F40E-42D1-85AC-028827BD4D53}.Release|Any CPU.Build.0 = Release|Any CPU
		{4666D5EB-7EBA-4AAA-8733-F9ABA8A1F402}.Debug|Any CPU.ActiveCfg = Debug|Any CPU
		{4666D5EB-7EBA-4AAA-8733-F9ABA8A1F402}.Debug|Any CPU.Build.0 = Debug|Any CPU
		{4666D5EB-7EBA-4AAA-8733-F9ABA8A1F402}.Release|Any CPU.ActiveCfg = Release|Any CPU
		{4666D5EB-7EBA-4AAA-8733-F9ABA8A1F402}.Release|Any CPU.Build.0 = Release|Any CPU
		{6A8D9AE2-0349-4B77-BE79-F257A9593429}.Debug|Any CPU.ActiveCfg = Debug|Any CPU
		{6A8D9AE2-0349-4B77-BE79-F257A9593429}.Debug|Any CPU.Build.0 = Debug|Any CPU
		{6A8D9AE2-0349-4B77-BE79-F257A9593429}.Release|Any CPU.ActiveCfg = Release|Any CPU
		{6A8D9AE2-0349-4B77-BE79-F257A9593429}.Release|Any CPU.Build.0 = Release|Any CPU
	EndGlobalSection
	GlobalSection(SolutionProperties) = preSolution
		HideSolutionNode = FALSE
	EndGlobalSection
	GlobalSection(ExtensibilityGlobals) = postSolution
		SolutionGuid = {9574F759-D7B8-4547-848B-ED782669EC8B}
	EndGlobalSection
EndGlobal
